
Microsoft Visual Studio Solution File, Format Version 12.00
# Visual Studio Version 16
VisualStudioVersion = 25.0.1706.11
MinimumVisualStudioVersion = 10.0.40219.1
Project("{FAE04EC0-301F-11D3-BF4B-00C04F79EFBC}") = "NewsWebAppAPI", "NewsWebAppAPI\NewsWebAppAPI.csproj", "{AA4BD284-8BF5-475F-AB33-FD1E4CAC3308}"
EndProject
Global
	GlobalSection(SolutionConfigurationPlatforms) = preSolution
		Debug|Any CPU = Debug|Any CPU
		Release|Any CPU = Release|Any CPU
	EndGlobalSection
	GlobalSection(ProjectConfigurationPlatforms) = postSolution
		{AA4BD284-8BF5-475F-AB33-FD1E4CAC3308}.Debug|Any CPU.ActiveCfg = Debug|Any CPU
		{AA4BD284-8BF5-475F-AB33-FD1E4CAC3308}.Debug|Any CPU.Build.0 = Debug|Any CPU
		{AA4BD284-8BF5-475F-AB33-FD1E4CAC3308}.Release|Any CPU.ActiveCfg = Release|Any CPU
		{AA4BD284-8BF5-475F-AB33-FD1E4CAC3308}.Release|Any CPU.Build.0 = Release|Any CPU
	EndGlobalSection
	GlobalSection(SolutionProperties) = preSolution
		HideSolutionNode = FALSE
	EndGlobalSection
	GlobalSection(ExtensibilityGlobals) = postSolution
		SolutionGuid = {1C99224B-6834-4AC4-865A-69726F4E2F8F}
	EndGlobalSection
EndGlobal
